
Microsoft Visual Studio Solution File, Format Version 12.00
# Visual Studio Version 17
VisualStudioVersion = 17.7.34009.444
MinimumVisualStudioVersion = 10.0.40219.1
Project("{FAE04EC0-301F-11D3-BF4B-00C04F79EFBC}") = "StkPortal", "StkPortal\StkPortal.csproj", "{21A1D244-F3FE-4A79-88A0-9D1000A1CF2E}"
EndProject
Global
	GlobalSection(SolutionConfigurationPlatforms) = preSolution
		Debug|Any CPU = Debug|Any CPU
		Release|Any CPU = Release|Any CPU
	EndGlobalSection
	GlobalSection(ProjectConfigurationPlatforms) = postSolution
		{21A1D244-F3FE-4A79-88A0-9D1000A1CF2E}.Debug|Any CPU.ActiveCfg = Debug|Any CPU
		{21A1D244-F3FE-4A79-88A0-9D1000A1CF2E}.Debug|Any CPU.Build.0 = Debug|Any CPU
		{21A1D244-F3FE-4A79-88A0-9D1000A1CF2E}.Release|Any CPU.ActiveCfg = Release|Any CPU
		{21A1D244-F3FE-4A79-88A0-9D1000A1CF2E}.Release|Any CPU.Build.0 = Release|Any CPU
	EndGlobalSection
	GlobalSection(SolutionProperties) = preSolution
		HideSolutionNode = FALSE
	EndGlobalSection
	GlobalSection(ExtensibilityGlobals) = postSolution
		SolutionGuid = {07F012A3-73FC-4E7A-B605-907F92F79EDE}
	EndGlobalSection
EndGlobal
